
Microsoft Visual Studio Solution File, Format Version 12.00
# Visual Studio Version 16
VisualStudioVersion = 16.0.31229.75
MinimumVisualStudioVersion = 10.0.40219.1
Project("{FAE04EC0-301F-11D3-BF4B-00C04F79EFBC}") = "QuizApp", "QuizApp\QuizApp.csproj", "{76DB1E21-461D-4BD6-BB26-23975790183D}"
	ProjectSection(ProjectDependencies) = postProject
		{BF068C0C-A229-4286-A609-1E100FA2799A} = {BF068C0C-A229-4286-A609-1E100FA2799A}
	EndProjectSection
EndProject
Project("{FAE04EC0-301F-11D3-BF4B-00C04F79EFBC}") = "DataAccess", "DataAccess\DataAccess.csproj", "{BF068C0C-A229-4286-A609-1E100FA2799A}"
	ProjectSection(ProjectDependencies) = postProject
		{0CD96A8A-55EF-44CA-8560-AE70860DB136} = {0CD96A8A-55EF-44CA-8560-AE70860DB136}
	EndProjectSection
EndProject
Project("{FAE04EC0-301F-11D3-BF4B-00C04F79EFBC}") = "Domain", "Domain\Domain.csproj", "{0CD96A8A-55EF-44CA-8560-AE70860DB136}"
EndProject
Global
	GlobalSection(SolutionConfigurationPlatforms) = preSolution
		Debug|Any CPU = Debug|Any CPU
		Release|Any CPU = Release|Any CPU
	EndGlobalSection
	GlobalSection(ProjectConfigurationPlatforms) = postSolution
		{76DB1E21-461D-4BD6-BB26-23975790183D}.Debug|Any CPU.ActiveCfg = Debug|Any CPU
		{76DB1E21-461D-4BD6-BB26-23975790183D}.Debug|Any CPU.Build.0 = Debug|Any CPU
		{76DB1E21-461D-4BD6-BB26-23975790183D}.Release|Any CPU.ActiveCfg = Release|Any CPU
		{76DB1E21-461D-4BD6-BB26-23975790183D}.Release|Any CPU.Build.0 = Release|Any CPU
		{BF068C0C-A229-4286-A609-1E100FA2799A}.Debug|Any CPU.ActiveCfg = Debug|Any CPU
		{BF068C0C-A229-4286-A609-1E100FA2799A}.Debug|Any CPU.Build.0 = Debug|Any CPU
		{BF068C0C-A229-4286-A609-1E100FA2799A}.Release|Any CPU.ActiveCfg = Release|Any CPU
		{BF068C0C-A229-4286-A609-1E100FA2799A}.Release|Any CPU.Build.0 = Release|Any CPU
		{0CD96A8A-55EF-44CA-8560-AE70860DB136}.Debug|Any CPU.ActiveCfg = Debug|Any CPU
		{0CD96A8A-55EF-44CA-8560-AE70860DB136}.Debug|Any CPU.Build.0 = Debug|Any CPU
		{0CD96A8A-55EF-44CA-8560-AE70860DB136}.Release|Any CPU.ActiveCfg = Release|Any CPU
		{0CD96A8A-55EF-44CA-8560-AE70860DB136}.Release|Any CPU.Build.0 = Release|Any CPU
	EndGlobalSection
	GlobalSection(SolutionProperties) = preSolution
		HideSolutionNode = FALSE
	EndGlobalSection
	GlobalSection(ExtensibilityGlobals) = postSolution
		SolutionGuid = {5A54592B-33C1-4D18-A938-4B217DA14BFC}
	EndGlobalSection
EndGlobal
